
Microsoft Visual Studio Solution File, Format Version 12.00
# Visual Studio Version 17
VisualStudioVersion = 17.9.34723.18
MinimumVisualStudioVersion = 10.0.40219.1
Project("{FAE04EC0-301F-11D3-BF4B-00C04F79EFBC}") = "X4Thing", "X4Thing\X4Thing.csproj", "{9B40E1CF-99D6-4841-BF80-D65445923BB1}"
EndProject
Project("{FAE04EC0-301F-11D3-BF4B-00C04F79EFBC}") = "Factory.Cli", "FactoryCli\Factory.Cli.csproj", "{69C2D2A4-CBFE-40AE-BCF1-34DECCD2C47F}"
EndProject
Project("{FAE04EC0-301F-11D3-BF4B-00C04F79EFBC}") = "Factory.Tests", "FactoryTests\Factory.Tests.csproj", "{4CA1D032-62A6-4B44-BC3C-4A4228245B96}"
EndProject
Project("{FAE04EC0-301F-11D3-BF4B-00C04F79EFBC}") = "Factory.Core", "Factory.Core\Factory.Core.csproj", "{7959C881-27EE-414C-BEEA-8A35E281EA96}"
EndProject
Project("{FAE04EC0-301F-11D3-BF4B-00C04F79EFBC}") = "Factory.Wpf", "Factory.Wpf\Factory.Wpf.csproj", "{ABCE9A3A-55BB-45AE-B8DF-E18530FCE10F}"
EndProject
Global
	GlobalSection(SolutionConfigurationPlatforms) = preSolution
		Debug|Any CPU = Debug|Any CPU
		Release|Any CPU = Release|Any CPU
	EndGlobalSection
	GlobalSection(ProjectConfigurationPlatforms) = postSolution
		{9B40E1CF-99D6-4841-BF80-D65445923BB1}.Debug|Any CPU.ActiveCfg = Debug|Any CPU
		{9B40E1CF-99D6-4841-BF80-D65445923BB1}.Debug|Any CPU.Build.0 = Debug|Any CPU
		{9B40E1CF-99D6-4841-BF80-D65445923BB1}.Release|Any CPU.ActiveCfg = Release|Any CPU
		{9B40E1CF-99D6-4841-BF80-D65445923BB1}.Release|Any CPU.Build.0 = Release|Any CPU
		{69C2D2A4-CBFE-40AE-BCF1-34DECCD2C47F}.Debug|Any CPU.ActiveCfg = Debug|Any CPU
		{69C2D2A4-CBFE-40AE-BCF1-34DECCD2C47F}.Debug|Any CPU.Build.0 = Debug|Any CPU
		{69C2D2A4-CBFE-40AE-BCF1-34DECCD2C47F}.Release|Any CPU.ActiveCfg = Release|Any CPU
		{69C2D2A4-CBFE-40AE-BCF1-34DECCD2C47F}.Release|Any CPU.Build.0 = Release|Any CPU
		{4CA1D032-62A6-4B44-BC3C-4A4228245B96}.Debug|Any CPU.ActiveCfg = Debug|Any CPU
		{4CA1D032-62A6-4B44-BC3C-4A4228245B96}.Debug|Any CPU.Build.0 = Debug|Any CPU
		{4CA1D032-62A6-4B44-BC3C-4A4228245B96}.Release|Any CPU.ActiveCfg = Release|Any CPU
		{4CA1D032-62A6-4B44-BC3C-4A4228245B96}.Release|Any CPU.Build.0 = Release|Any CPU
		{7959C881-27EE-414C-BEEA-8A35E281EA96}.Debug|Any CPU.ActiveCfg = Debug|Any CPU
		{7959C881-27EE-414C-BEEA-8A35E281EA96}.Debug|Any CPU.Build.0 = Debug|Any CPU
		{7959C881-27EE-414C-BEEA-8A35E281EA96}.Release|Any CPU.ActiveCfg = Release|Any CPU
		{7959C881-27EE-414C-BEEA-8A35E281EA96}.Release|Any CPU.Build.0 = Release|Any CPU
		{ABCE9A3A-55BB-45AE-B8DF-E18530FCE10F}.Debug|Any CPU.ActiveCfg = Debug|Any CPU
		{ABCE9A3A-55BB-45AE-B8DF-E18530FCE10F}.Debug|Any CPU.Build.0 = Debug|Any CPU
		{ABCE9A3A-55BB-45AE-B8DF-E18530FCE10F}.Release|Any CPU.ActiveCfg = Release|Any CPU
		{ABCE9A3A-55BB-45AE-B8DF-E18530FCE10F}.Release|Any CPU.Build.0 = Release|Any CPU
	EndGlobalSection
	GlobalSection(SolutionProperties) = preSolution
		HideSolutionNode = FALSE
	EndGlobalSection
	GlobalSection(ExtensibilityGlobals) = postSolution
		SolutionGuid = {198A39C5-4826-4AD8-9AA9-BF37A8476D3B}
	EndGlobalSection
EndGlobal
